
Microsoft Visual Studio Solution File, Format Version 12.00
# Visual Studio Version 16
VisualStudioVersion = 16.0.32901.82
MinimumVisualStudioVersion = 10.0.40219.1
Project("{FAE04EC0-301F-11D3-BF4B-00C04F79EFBC}") = "OkrLinq", "OkrLinq\OkrLinq.csproj", "{08D9B096-2AD0-47BA-A8A1-033467772FDE}"
EndProject
Project("{FAE04EC0-301F-11D3-BF4B-00C04F79EFBC}") = "OkrLinqTest", "OkrLinqTest\OkrLinqTest.csproj", "{9AFE5ACE-4BE1-4399-9688-3EA62EB96B91}"
EndProject
Global
	GlobalSection(SolutionConfigurationPlatforms) = preSolution
		Debug|Any CPU = Debug|Any CPU
		Release|Any CPU = Release|Any CPU
	EndGlobalSection
	GlobalSection(ProjectConfigurationPlatforms) = postSolution
		{08D9B096-2AD0-47BA-A8A1-033467772FDE}.Debug|Any CPU.ActiveCfg = Debug|Any CPU
		{08D9B096-2AD0-47BA-A8A1-033467772FDE}.Debug|Any CPU.Build.0 = Debug|Any CPU
		{08D9B096-2AD0-47BA-A8A1-033467772FDE}.Release|Any CPU.ActiveCfg = Release|Any CPU
		{08D9B096-2AD0-47BA-A8A1-033467772FDE}.Release|Any CPU.Build.0 = Release|Any CPU
		{9AFE5ACE-4BE1-4399-9688-3EA62EB96B91}.Debug|Any CPU.ActiveCfg = Debug|Any CPU
		{9AFE5ACE-4BE1-4399-9688-3EA62EB96B91}.Debug|Any CPU.Build.0 = Debug|Any CPU
		{9AFE5ACE-4BE1-4399-9688-3EA62EB96B91}.Release|Any CPU.ActiveCfg = Release|Any CPU
		{9AFE5ACE-4BE1-4399-9688-3EA62EB96B91}.Release|Any CPU.Build.0 = Release|Any CPU
	EndGlobalSection
	GlobalSection(SolutionProperties) = preSolution
		HideSolutionNode = FALSE
	EndGlobalSection
	GlobalSection(ExtensibilityGlobals) = postSolution
		SolutionGuid = {3B1DA0D1-8674-4D7D-95E8-758E91CE983C}
	EndGlobalSection
EndGlobal
